// !$*UTF8*$!
{
	archiveVersion = 1;
	classes = {
	};
	objectVersion = 50;
	objects = {

/* Begin PBXBuildFile section */
		355281EE29EEF6F100F86400 /* libopencv_phase_unwrapping.4.7.0.dylib in Frameworks */ = {isa = PBXBuildFile; fileRef = 355281B629EEF6F000F86400 /* libopencv_phase_unwrapping.4.7.0.dylib */; };
		355281EF29EEF6F100F86400 /* libopencv_aruco.4.7.0.dylib in Frameworks */ = {isa = PBXBuildFile; fileRef = 355281B729EEF6F000F86400 /* libopencv_aruco.4.7.0.dylib */; };
		355281F029EEF6F100F86400 /* libopencv_superres.4.7.0.dylib in Frameworks */ = {isa = PBXBuildFile; fileRef = 355281B829EEF6F000F86400 /* libopencv_superres.4.7.0.dylib */; };
		355281F129EEF6F100F86400 /* libopencv_stereo.4.7.0.dylib in Frameworks */ = {isa = PBXBuildFile; fileRef = 355281B929EEF6F000F86400 /* libopencv_stereo.4.7.0.dylib */; };
		355281F229EEF6F100F86400 /* libopencv_xfeatures2d.4.7.0.dylib in Frameworks */ = {isa = PBXBuildFile; fileRef = 355281BA29EEF6F000F86400 /* libopencv_xfeatures2d.4.7.0.dylib */; };
		355281F329EEF6F100F86400 /* libopencv_xobjdetect.4.7.0.dylib in Frameworks */ = {isa = PBXBuildFile; fileRef = 355281BB29EEF6F000F86400 /* libopencv_xobjdetect.4.7.0.dylib */; };
		355281F429EEF6F100F86400 /* libopencv_datasets.4.7.0.dylib in Frameworks */ = {isa = PBXBuildFile; fileRef = 355281BC29EEF6F000F86400 /* libopencv_datasets.4.7.0.dylib */; };
		355281F529EEF6F100F86400 /* libopencv_ccalib.4.7.0.dylib in Frameworks */ = {isa = PBXBuildFile; fileRef = 355281BD29EEF6F000F86400 /* libopencv_ccalib.4.7.0.dylib */; };
		355281F629EEF6F100F86400 /* libopencv_reg.4.7.0.dylib in Frameworks */ = {isa = PBXBuildFile; fileRef = 355281BE29EEF6F000F86400 /* libopencv_reg.4.7.0.dylib */; };
		355281F729EEF6F100F86400 /* libopencv_intensity_transform.4.7.0.dylib in Frameworks */ = {isa = PBXBuildFile; fileRef = 355281BF29EEF6F000F86400 /* libopencv_intensity_transform.4.7.0.dylib */; };
		355281F829EEF6F100F86400 /* libopencv_xphoto.4.7.0.dylib in Frameworks */ = {isa = PBXBuildFile; fileRef = 355281C029EEF6F000F86400 /* libopencv_xphoto.4.7.0.dylib */; };
		355281F929EEF6F100F86400 /* libopencv_surface_matching.4.7.0.dylib in Frameworks */ = {isa = PBXBuildFile; fileRef = 355281C129EEF6F000F86400 /* libopencv_surface_matching.4.7.0.dylib */; };
		355281FA29EEF6F100F86400 /* libopencv_saliency.4.7.0.dylib in Frameworks */ = {isa = PBXBuildFile; fileRef = 355281C229EEF6F000F86400 /* libopencv_saliency.4.7.0.dylib */; };
		355281FB29EEF6F100F86400 /* libopencv_flann.4.7.0.dylib in Frameworks */ = {isa = PBXBuildFile; fileRef = 355281C329EEF6F000F86400 /* libopencv_flann.4.7.0.dylib */; };
		355281FC29EEF6F100F86400 /* libopencv_img_hash.4.7.0.dylib in Frameworks */ = {isa = PBXBuildFile; fileRef = 355281C429EEF6F000F86400 /* libopencv_img_hash.4.7.0.dylib */; };
		355281FD29EEF6F100F86400 /* libopencv_dnn_objdetect.4.7.0.dylib in Frameworks */ = {isa = PBXBuildFile; fileRef = 355281C529EEF6F000F86400 /* libopencv_dnn_objdetect.4.7.0.dylib */; };
		355281FE29EEF6F100F86400 /* libopencv_videoio.4.7.0.dylib in Frameworks */ = {isa = PBXBuildFile; fileRef = 355281C629EEF6F000F86400 /* libopencv_videoio.4.7.0.dylib */; };
		355281FF29EEF6F100F86400 /* libopencv_stitching.4.7.0.dylib in Frameworks */ = {isa = PBXBuildFile; fileRef = 355281C729EEF6F000F86400 /* libopencv_stitching.4.7.0.dylib */; };
		3552820029EEF6F100F86400 /* libopencv_tracking.4.7.0.dylib in Frameworks */ = {isa = PBXBuildFile; fileRef = 355281C829EEF6F000F86400 /* libopencv_tracking.4.7.0.dylib */; };
		3552820129EEF6F100F86400 /* libopencv_rapid.4.7.0.dylib in Frameworks */ = {isa = PBXBuildFile; fileRef = 355281C929EEF6F000F86400 /* libopencv_rapid.4.7.0.dylib */; };
		3552820229EEF6F100F86400 /* libopencv_gapi.4.7.0.dylib in Frameworks */ = {isa = PBXBuildFile; fileRef = 355281CA29EEF6F000F86400 /* libopencv_gapi.4.7.0.dylib */; };
		3552820329EEF6F100F86400 /* libopencv_videostab.4.7.0.dylib in Frameworks */ = {isa = PBXBuildFile; fileRef = 355281CB29EEF6F000F86400 /* libopencv_videostab.4.7.0.dylib */; };
		3552820429EEF6F100F86400 /* libopencv_viz.4.7.0.dylib in Frameworks */ = {isa = PBXBuildFile; fileRef = 355281CC29EEF6F000F86400 /* libopencv_viz.4.7.0.dylib */; };
		3552820529EEF6F100F86400 /* libopencv_freetype.4.7.0.dylib in Frameworks */ = {isa = PBXBuildFile; fileRef = 355281CD29EEF6F000F86400 /* libopencv_freetype.4.7.0.dylib */; };
		3552820629EEF6F100F86400 /* libopencv_ximgproc.4.7.0.dylib in Frameworks */ = {isa = PBXBuildFile; fileRef = 355281CE29EEF6F000F86400 /* libopencv_ximgproc.4.7.0.dylib */; };
		3552820729EEF6F100F86400 /* libopencv_rgbd.4.7.0.dylib in Frameworks */ = {isa = PBXBuildFile; fileRef = 355281CF29EEF6F000F86400 /* libopencv_rgbd.4.7.0.dylib */; };
		3552820829EEF6F100F86400 /* libopencv_sfm.4.7.0.dylib in Frameworks */ = {isa = PBXBuildFile; fileRef = 355281D029EEF6F000F86400 /* libopencv_sfm.4.7.0.dylib */; };
		3552820929EEF6F100F86400 /* libopencv_barcode.4.7.0.dylib in Frameworks */ = {isa = PBXBuildFile; fileRef = 355281D129EEF6F000F86400 /* libopencv_barcode.4.7.0.dylib */; };
		3552820A29EEF6F100F86400 /* libopencv_objdetect.4.7.0.dylib in Frameworks */ = {isa = PBXBuildFile; fileRef = 355281D229EEF6F000F86400 /* libopencv_objdetect.4.7.0.dylib */; };
		3552820B29EEF6F100F86400 /* libopencv_plot.4.7.0.dylib in Frameworks */ = {isa = PBXBuildFile; fileRef = 355281D329EEF6F000F86400 /* libopencv_plot.4.7.0.dylib */; };
		3552820C29EEF6F100F86400 /* libopencv_bioinspired.4.7.0.dylib in Frameworks */ = {isa = PBXBuildFile; fileRef = 355281D429EEF6F100F86400 /* libopencv_bioinspired.4.7.0.dylib */; };
		3552820D29EEF6F100F86400 /* libopencv_text.4.7.0.dylib in Frameworks */ = {isa = PBXBuildFile; fileRef = 355281D529EEF6F100F86400 /* libopencv_text.4.7.0.dylib */; };
		3552820E29EEF6F100F86400 /* libopencv_optflow.4.7.0.dylib in Frameworks */ = {isa = PBXBuildFile; fileRef = 355281D629EEF6F100F86400 /* libopencv_optflow.4.7.0.dylib */; };
		3552820F29EEF6F100F86400 /* libopencv_fuzzy.4.7.0.dylib in Frameworks */ = {isa = PBXBuildFile; fileRef = 355281D729EEF6F100F86400 /* libopencv_fuzzy.4.7.0.dylib */; };
		3552821029EEF6F100F86400 /* libopencv_video.4.7.0.dylib in Frameworks */ = {isa = PBXBuildFile; fileRef = 355281D829EEF6F100F86400 /* libopencv_video.4.7.0.dylib */; };
		3552821129EEF6F100F86400 /* libopencv_ml.4.7.0.dylib in Frameworks */ = {isa = PBXBuildFile; fileRef = 355281D929EEF6F100F86400 /* libopencv_ml.4.7.0.dylib */; };
		3552821229EEF6F100F86400 /* libopencv_calib3d.4.7.0.dylib in Frameworks */ = {isa = PBXBuildFile; fileRef = 355281DA29EEF6F100F86400 /* libopencv_calib3d.4.7.0.dylib */; };
		3552821329EEF6F100F86400 /* libopencv_photo.4.7.0.dylib in Frameworks */ = {isa = PBXBuildFile; fileRef = 355281DB29EEF6F100F86400 /* libopencv_photo.4.7.0.dylib */; };
		3552821429EEF6F100F86400 /* libopencv_dnn_superres.4.7.0.dylib in Frameworks */ = {isa = PBXBuildFile; fileRef = 355281DC29EEF6F100F86400 /* libopencv_dnn_superres.4.7.0.dylib */; };
		3552821529EEF6F100F86400 /* libopencv_imgcodecs.4.7.0.dylib in Frameworks */ = {isa = PBXBuildFile; fileRef = 355281DD29EEF6F100F86400 /* libopencv_imgcodecs.4.7.0.dylib */; };
		3552821629EEF6F100F86400 /* libopencv_dpm.4.7.0.dylib in Frameworks */ = {isa = PBXBuildFile; fileRef = 355281DE29EEF6F100F86400 /* libopencv_dpm.4.7.0.dylib */; };
		3552821729EEF6F100F86400 /* libopencv_mcc.4.7.0.dylib in Frameworks */ = {isa = PBXBuildFile; fileRef = 355281DF29EEF6F100F86400 /* libopencv_mcc.4.7.0.dylib */; };
		3552821829EEF6F100F86400 /* libopencv_hfs.4.7.0.dylib in Frameworks */ = {isa = PBXBuildFile; fileRef = 355281E029EEF6F100F86400 /* libopencv_hfs.4.7.0.dylib */; };
		3552821929EEF6F100F86400 /* libopencv_core.4.7.0.dylib in Frameworks */ = {isa = PBXBuildFile; fileRef = 355281E129EEF6F100F86400 /* libopencv_core.4.7.0.dylib */; };
		3552821A29EEF6F100F86400 /* libopencv_wechat_qrcode.4.7.0.dylib in Frameworks */ = {isa = PBXBuildFile; fileRef = 355281E229EEF6F100F86400 /* libopencv_wechat_qrcode.4.7.0.dylib */; };
		3552821B29EEF6F100F86400 /* libopencv_imgproc.4.7.0.dylib in Frameworks */ = {isa = PBXBuildFile; fileRef = 355281E329EEF6F100F86400 /* libopencv_imgproc.4.7.0.dylib */; };
		3552821C29EEF6F100F86400 /* libopencv_highgui.4.7.0.dylib in Frameworks */ = {isa = PBXBuildFile; fileRef = 355281E429EEF6F100F86400 /* libopencv_highgui.4.7.0.dylib */; };
		3552821D29EEF6F100F86400 /* libopencv_line_descriptor.4.7.0.dylib in Frameworks */ = {isa = PBXBuildFile; fileRef = 355281E529EEF6F100F86400 /* libopencv_line_descriptor.4.7.0.dylib */; };
		3552821E29EEF6F100F86400 /* libopencv_alphamat.4.7.0.dylib in Frameworks */ = {isa = PBXBuildFile; fileRef = 355281E629EEF6F100F86400 /* libopencv_alphamat.4.7.0.dylib */; };
		3552821F29EEF6F100F86400 /* libopencv_features2d.4.7.0.dylib in Frameworks */ = {isa = PBXBuildFile; fileRef = 355281E729EEF6F100F86400 /* libopencv_features2d.4.7.0.dylib */; };
		3552822029EEF6F200F86400 /* libopencv_shape.4.7.0.dylib in Frameworks */ = {isa = PBXBuildFile; fileRef = 355281E829EEF6F100F86400 /* libopencv_shape.4.7.0.dylib */; };
		3552822129EEF6F200F86400 /* libopencv_bgsegm.4.7.0.dylib in Frameworks */ = {isa = PBXBuildFile; fileRef = 355281E929EEF6F100F86400 /* libopencv_bgsegm.4.7.0.dylib */; };
		3552822229EEF6F200F86400 /* libopencv_face.4.7.0.dylib in Frameworks */ = {isa = PBXBuildFile; fileRef = 355281EA29EEF6F100F86400 /* libopencv_face.4.7.0.dylib */; };
		3552822329EEF6F200F86400 /* libopencv_quality.4.7.0.dylib in Frameworks */ = {isa = PBXBuildFile; fileRef = 355281EB29EEF6F100F86400 /* libopencv_quality.4.7.0.dylib */; };
		3552822429EEF6F200F86400 /* libopencv_dnn.4.7.0.dylib in Frameworks */ = {isa = PBXBuildFile; fileRef = 355281EC29EEF6F100F86400 /* libopencv_dnn.4.7.0.dylib */; };
		3552822529EEF6F200F86400 /* libopencv_structured_light.4.7.0.dylib in Frameworks */ = {isa = PBXBuildFile; fileRef = 355281ED29EEF6F100F86400 /* libopencv_structured_light.4.7.0.dylib */; };
		5F4558B624E51EAF005A28AF /* Accelerate.framework in Frameworks */ = {isa = PBXBuildFile; fileRef = 5F4558B524E51EAF005A28AF /* Accelerate.framework */; };
		5F4558B824E51EB8005A28AF /* AppKit.framework in Frameworks */ = {isa = PBXBuildFile; fileRef = 5F4558B724E51EB8005A28AF /* AppKit.framework */; };
		5F4558BA24E51EC0005A28AF /* AVFoundation.framework in Frameworks */ = {isa = PBXBuildFile; fileRef = 5F4558B924E51EC0005A28AF /* AVFoundation.framework */; };
		5F4558BC24E51EC7005A28AF /* CoreMedia.framework in Frameworks */ = {isa = PBXBuildFile; fileRef = 5F4558BB24E51EC7005A28AF /* CoreMedia.framework */; };
		5F4558BE24E51ED1005A28AF /* CoreVideo.framework in Frameworks */ = {isa = PBXBuildFile; fileRef = 5F4558BD24E51ED1005A28AF /* CoreVideo.framework */; };
		5F4558C024E51ED8005A28AF /* OpenCL.framework in Frameworks */ = {isa = PBXBuildFile; fileRef = 5F4558BF24E51ED8005A28AF /* OpenCL.framework */; };
		5F4558CD24E6BD47005A28AF /* OpenCvMatToImage.mm in Sources */ = {isa = PBXBuildFile; fileRef = 5F4558CC24E6BD47005A28AF /* OpenCvMatToImage.mm */; };
		5F4558D024E6C487005A28AF /* Lenna_(test_image).png in Resources */ = {isa = PBXBuildFile; fileRef = 5F4558CF24E6C487005A28AF /* Lenna_(test_image).png */; };
		5F4EB35324F0F1D6009FC5F9 /* click1.mp3 in Resources */ = {isa = PBXBuildFile; fileRef = 5F4EB35224F0F1D6009FC5F9 /* click1.mp3 */; };
		5F5D9E2824E39BF600365362 /* AppDelegate.swift in Sources */ = {isa = PBXBuildFile; fileRef = 5F5D9E2724E39BF600365362 /* AppDelegate.swift */; };
		5F5D9E2A24E39BF600365362 /* ViewController.swift in Sources */ = {isa = PBXBuildFile; fileRef = 5F5D9E2924E39BF600365362 /* ViewController.swift */; };
		5F5D9E2C24E39BFD00365362 /* Assets.xcassets in Resources */ = {isa = PBXBuildFile; fileRef = 5F5D9E2B24E39BFD00365362 /* Assets.xcassets */; };
		5F5D9E2F24E39BFD00365362 /* Main.storyboard in Resources */ = {isa = PBXBuildFile; fileRef = 5F5D9E2D24E39BFD00365362 /* Main.storyboard */; };
		5F5D9E3B24E39BFD00365362 /* VisualProgrammingOpenCVTests.swift in Sources */ = {isa = PBXBuildFile; fileRef = 5F5D9E3A24E39BFD00365362 /* VisualProgrammingOpenCVTests.swift */; };
		5F5D9E4624E39BFE00365362 /* VisualProgrammingOpenCVUITests.swift in Sources */ = {isa = PBXBuildFile; fileRef = 5F5D9E4524E39BFE00365362 /* VisualProgrammingOpenCVUITests.swift */; };
		5F5D9E6724E3FBAE00365362 /* libc++.tbd in Frameworks */ = {isa = PBXBuildFile; fileRef = 5F5D9E6524E3F7FE00365362 /* libc++.tbd */; };
		5F9650E224F4BD330013C956 /* NOimage.png in Resources */ = {isa = PBXBuildFile; fileRef = 5F9650E124F4BD330013C956 /* NOimage.png */; };
/* End PBXBuildFile section */

/* Begin PBXContainerItemProxy section */
		5F5D9E3724E39BFD00365362 /* PBXContainerItemProxy */ = {
			isa = PBXContainerItemProxy;
			containerPortal = 5F5D9E1C24E39BF600365362 /* Project object */;
			proxyType = 1;
			remoteGlobalIDString = 5F5D9E2324E39BF600365362;
			remoteInfo = VisualProgrammingOpenCV;
		};
		5F5D9E4224E39BFE00365362 /* PBXContainerItemProxy */ = {
			isa = PBXContainerItemProxy;
			containerPortal = 5F5D9E1C24E39BF600365362 /* Project object */;
			proxyType = 1;
			remoteGlobalIDString = 5F5D9E2324E39BF600365362;
			remoteInfo = VisualProgrammingOpenCV;
		};
/* End PBXContainerItemProxy section */

/* Begin PBXFileReference section */
		355281B629EEF6F000F86400 /* libopencv_phase_unwrapping.4.7.0.dylib */ = {isa = PBXFileReference; lastKnownFileType = "compiled.mach-o.dylib"; name = libopencv_phase_unwrapping.4.7.0.dylib; path = ../../../../usr/local/Cellar/opencv/4.7.0_3/lib/libopencv_phase_unwrapping.4.7.0.dylib; sourceTree = "<group>"; };
		355281B729EEF6F000F86400 /* libopencv_aruco.4.7.0.dylib */ = {isa = PBXFileReference; lastKnownFileType = "compiled.mach-o.dylib"; name = libopencv_aruco.4.7.0.dylib; path = ../../../../usr/local/Cellar/opencv/4.7.0_3/lib/libopencv_aruco.4.7.0.dylib; sourceTree = "<group>"; };
		355281B829EEF6F000F86400 /* libopencv_superres.4.7.0.dylib */ = {isa = PBXFileReference; lastKnownFileType = "compiled.mach-o.dylib"; name = libopencv_superres.4.7.0.dylib; path = ../../../../usr/local/Cellar/opencv/4.7.0_3/lib/libopencv_superres.4.7.0.dylib; sourceTree = "<group>"; };
		355281B929EEF6F000F86400 /* libopencv_stereo.4.7.0.dylib */ = {isa = PBXFileReference; lastKnownFileType = "compiled.mach-o.dylib"; name = libopencv_stereo.4.7.0.dylib; path = ../../../../usr/local/Cellar/opencv/4.7.0_3/lib/libopencv_stereo.4.7.0.dylib; sourceTree = "<group>"; };
		355281BA29EEF6F000F86400 /* libopencv_xfeatures2d.4.7.0.dylib */ = {isa = PBXFileReference; lastKnownFileType = "compiled.mach-o.dylib"; name = libopencv_xfeatures2d.4.7.0.dylib; path = ../../../../usr/local/Cellar/opencv/4.7.0_3/lib/libopencv_xfeatures2d.4.7.0.dylib; sourceTree = "<group>"; };
		355281BB29EEF6F000F86400 /* libopencv_xobjdetect.4.7.0.dylib */ = {isa = PBXFileReference; lastKnownFileType = "compiled.mach-o.dylib"; name = libopencv_xobjdetect.4.7.0.dylib; path = ../../../../usr/local/Cellar/opencv/4.7.0_3/lib/libopencv_xobjdetect.4.7.0.dylib; sourceTree = "<group>"; };
		355281BC29EEF6F000F86400 /* libopencv_datasets.4.7.0.dylib */ = {isa = PBXFileReference; lastKnownFileType = "compiled.mach-o.dylib"; name = libopencv_datasets.4.7.0.dylib; path = ../../../../usr/local/Cellar/opencv/4.7.0_3/lib/libopencv_datasets.4.7.0.dylib; sourceTree = "<group>"; };
		355281BD29EEF6F000F86400 /* libopencv_ccalib.4.7.0.dylib */ = {isa = PBXFileReference; lastKnownFileType = "compiled.mach-o.dylib"; name = libopencv_ccalib.4.7.0.dylib; path = ../../../../usr/local/Cellar/opencv/4.7.0_3/lib/libopencv_ccalib.4.7.0.dylib; sourceTree = "<group>"; };
		355281BE29EEF6F000F86400 /* libopencv_reg.4.7.0.dylib */ = {isa = PBXFileReference; lastKnownFileType = "compiled.mach-o.dylib"; name = libopencv_reg.4.7.0.dylib; path = ../../../../usr/local/Cellar/opencv/4.7.0_3/lib/libopencv_reg.4.7.0.dylib; sourceTree = "<group>"; };
		355281BF29EEF6F000F86400 /* libopencv_intensity_transform.4.7.0.dylib */ = {isa = PBXFileReference; lastKnownFileType = "compiled.mach-o.dylib"; name = libopencv_intensity_transform.4.7.0.dylib; path = ../../../../usr/local/Cellar/opencv/4.7.0_3/lib/libopencv_intensity_transform.4.7.0.dylib; sourceTree = "<group>"; };
		355281C029EEF6F000F86400 /* libopencv_xphoto.4.7.0.dylib */ = {isa = PBXFileReference; lastKnownFileType = "compiled.mach-o.dylib"; name = libopencv_xphoto.4.7.0.dylib; path = ../../../../usr/local/Cellar/opencv/4.7.0_3/lib/libopencv_xphoto.4.7.0.dylib; sourceTree = "<group>"; };
		355281C129EEF6F000F86400 /* libopencv_surface_matching.4.7.0.dylib */ = {isa = PBXFileReference; lastKnownFileType = "compiled.mach-o.dylib"; name = libopencv_surface_matching.4.7.0.dylib; path = ../../../../usr/local/Cellar/opencv/4.7.0_3/lib/libopencv_surface_matching.4.7.0.dylib; sourceTree = "<group>"; };
		355281C229EEF6F000F86400 /* libopencv_saliency.4.7.0.dylib */ = {isa = PBXFileReference; lastKnownFileType = "compiled.mach-o.dylib"; name = libopencv_saliency.4.7.0.dylib; path = ../../../../usr/local/Cellar/opencv/4.7.0_3/lib/libopencv_saliency.4.7.0.dylib; sourceTree = "<group>"; };
		355281C329EEF6F000F86400 /* libopencv_flann.4.7.0.dylib */ = {isa = PBXFileReference; lastKnownFileType = "compiled.mach-o.dylib"; name = libopencv_flann.4.7.0.dylib; path = ../../../../usr/local/Cellar/opencv/4.7.0_3/lib/libopencv_flann.4.7.0.dylib; sourceTree = "<group>"; };
		355281C429EEF6F000F86400 /* libopencv_img_hash.4.7.0.dylib */ = {isa = PBXFileReference; lastKnownFileType = "compiled.mach-o.dylib"; name = libopencv_img_hash.4.7.0.dylib; path = ../../../../usr/local/Cellar/opencv/4.7.0_3/lib/libopencv_img_hash.4.7.0.dylib; sourceTree = "<group>"; };
		355281C529EEF6F000F86400 /* libopencv_dnn_objdetect.4.7.0.dylib */ = {isa = PBXFileReference; lastKnownFileType = "compiled.mach-o.dylib"; name = libopencv_dnn_objdetect.4.7.0.dylib; path = ../../../../usr/local/Cellar/opencv/4.7.0_3/lib/libopencv_dnn_objdetect.4.7.0.dylib; sourceTree = "<group>"; };
		355281C629EEF6F000F86400 /* libopencv_videoio.4.7.0.dylib */ = {isa = PBXFileReference; lastKnownFileType = "compiled.mach-o.dylib"; name = libopencv_videoio.4.7.0.dylib; path = ../../../../usr/local/Cellar/opencv/4.7.0_3/lib/libopencv_videoio.4.7.0.dylib; sourceTree = "<group>"; };
		355281C729EEF6F000F86400 /* libopencv_stitching.4.7.0.dylib */ = {isa = PBXFileReference; lastKnownFileType = "compiled.mach-o.dylib"; name = libopencv_stitching.4.7.0.dylib; path = ../../../../usr/local/Cellar/opencv/4.7.0_3/lib/libopencv_stitching.4.7.0.dylib; sourceTree = "<group>"; };
		355281C829EEF6F000F86400 /* libopencv_tracking.4.7.0.dylib */ = {isa = PBXFileReference; lastKnownFileType = "compiled.mach-o.dylib"; name = libopencv_tracking.4.7.0.dylib; path = ../../../../usr/local/Cellar/opencv/4.7.0_3/lib/libopencv_tracking.4.7.0.dylib; sourceTree = "<group>"; };
		355281C929EEF6F000F86400 /* libopencv_rapid.4.7.0.dylib */ = {isa = PBXFileReference; lastKnownFileType = "compiled.mach-o.dylib"; name = libopencv_rapid.4.7.0.dylib; path = ../../../../usr/local/Cellar/opencv/4.7.0_3/lib/libopencv_rapid.4.7.0.dylib; sourceTree = "<group>"; };
		355281CA29EEF6F000F86400 /* libopencv_gapi.4.7.0.dylib */ = {isa = PBXFileReference; lastKnownFileType = "compiled.mach-o.dylib"; name = libopencv_gapi.4.7.0.dylib; path = ../../../../usr/local/Cellar/opencv/4.7.0_3/lib/libopencv_gapi.4.7.0.dylib; sourceTree = "<group>"; };
		355281CB29EEF6F000F86400 /* libopencv_videostab.4.7.0.dylib */ = {isa = PBXFileReference; lastKnownFileType = "compiled.mach-o.dylib"; name = libopencv_videostab.4.7.0.dylib; path = ../../../../usr/local/Cellar/opencv/4.7.0_3/lib/libopencv_videostab.4.7.0.dylib; sourceTree = "<group>"; };
		355281CC29EEF6F000F86400 /* libopencv_viz.4.7.0.dylib */ = {isa = PBXFileReference; lastKnownFileType = "compiled.mach-o.dylib"; name = libopencv_viz.4.7.0.dylib; path = ../../../../usr/local/Cellar/opencv/4.7.0_3/lib/libopencv_viz.4.7.0.dylib; sourceTree = "<group>"; };
		355281CD29EEF6F000F86400 /* libopencv_freetype.4.7.0.dylib */ = {isa = PBXFileReference; lastKnownFileType = "compiled.mach-o.dylib"; name = libopencv_freetype.4.7.0.dylib; path = ../../../../usr/local/Cellar/opencv/4.7.0_3/lib/libopencv_freetype.4.7.0.dylib; sourceTree = "<group>"; };
		355281CE29EEF6F000F86400 /* libopencv_ximgproc.4.7.0.dylib */ = {isa = PBXFileReference; lastKnownFileType = "compiled.mach-o.dylib"; name = libopencv_ximgproc.4.7.0.dylib; path = ../../../../usr/local/Cellar/opencv/4.7.0_3/lib/libopencv_ximgproc.4.7.0.dylib; sourceTree = "<group>"; };
		355281CF29EEF6F000F86400 /* libopencv_rgbd.4.7.0.dylib */ = {isa = PBXFileReference; lastKnownFileType = "compiled.mach-o.dylib"; name = libopencv_rgbd.4.7.0.dylib; path = ../../../../usr/local/Cellar/opencv/4.7.0_3/lib/libopencv_rgbd.4.7.0.dylib; sourceTree = "<group>"; };
		355281D029EEF6F000F86400 /* libopencv_sfm.4.7.0.dylib */ = {isa = PBXFileReference; lastKnownFileType = "compiled.mach-o.dylib"; name = libopencv_sfm.4.7.0.dylib; path = ../../../../usr/local/Cellar/opencv/4.7.0_3/lib/libopencv_sfm.4.7.0.dylib; sourceTree = "<group>"; };
		355281D129EEF6F000F86400 /* libopencv_barcode.4.7.0.dylib */ = {isa = PBXFileReference; lastKnownFileType = "compiled.mach-o.dylib"; name = libopencv_barcode.4.7.0.dylib; path = ../../../../usr/local/Cellar/opencv/4.7.0_3/lib/libopencv_barcode.4.7.0.dylib; sourceTree = "<group>"; };
		355281D229EEF6F000F86400 /* libopencv_objdetect.4.7.0.dylib */ = {isa = PBXFileReference; lastKnownFileType = "compiled.mach-o.dylib"; name = libopencv_objdetect.4.7.0.dylib; path = ../../../../usr/local/Cellar/opencv/4.7.0_3/lib/libopencv_objdetect.4.7.0.dylib; sourceTree = "<group>"; };
		355281D329EEF6F000F86400 /* libopencv_plot.4.7.0.dylib */ = {isa = PBXFileReference; lastKnownFileType = "compiled.mach-o.dylib"; name = libopencv_plot.4.7.0.dylib; path = ../../../../usr/local/Cellar/opencv/4.7.0_3/lib/libopencv_plot.4.7.0.dylib; sourceTree = "<group>"; };
		355281D429EEF6F100F86400 /* libopencv_bioinspired.4.7.0.dylib */ = {isa = PBXFileReference; lastKnownFileType = "compiled.mach-o.dylib"; name = libopencv_bioinspired.4.7.0.dylib; path = ../../../../usr/local/Cellar/opencv/4.7.0_3/lib/libopencv_bioinspired.4.7.0.dylib; sourceTree = "<group>"; };
		355281D529EEF6F100F86400 /* libopencv_text.4.7.0.dylib */ = {isa = PBXFileReference; lastKnownFileType = "compiled.mach-o.dylib"; name = libopencv_text.4.7.0.dylib; path = ../../../../usr/local/Cellar/opencv/4.7.0_3/lib/libopencv_text.4.7.0.dylib; sourceTree = "<group>"; };
		355281D629EEF6F100F86400 /* libopencv_optflow.4.7.0.dylib */ = {isa = PBXFileReference; lastKnownFileType = "compiled.mach-o.dylib"; name = libopencv_optflow.4.7.0.dylib; path = ../../../../usr/local/Cellar/opencv/4.7.0_3/lib/libopencv_optflow.4.7.0.dylib; sourceTree = "<group>"; };
		355281D729EEF6F100F86400 /* libopencv_fuzzy.4.7.0.dylib */ = {isa = PBXFileReference; lastKnownFileType = "compiled.mach-o.dylib"; name = libopencv_fuzzy.4.7.0.dylib; path = ../../../../usr/local/Cellar/opencv/4.7.0_3/lib/libopencv_fuzzy.4.7.0.dylib; sourceTree = "<group>"; };
		355281D829EEF6F100F86400 /* libopencv_video.4.7.0.dylib */ = {isa = PBXFileReference; lastKnownFileType = "compiled.mach-o.dylib"; name = libopencv_video.4.7.0.dylib; path = ../../../../usr/local/Cellar/opencv/4.7.0_3/lib/libopencv_video.4.7.0.dylib; sourceTree = "<group>"; };
		355281D929EEF6F100F86400 /* libopencv_ml.4.7.0.dylib */ = {isa = PBXFileReference; lastKnownFileType = "compiled.mach-o.dylib"; name = libopencv_ml.4.7.0.dylib; path = ../../../../usr/local/Cellar/opencv/4.7.0_3/lib/libopencv_ml.4.7.0.dylib; sourceTree = "<group>"; };
		355281DA29EEF6F100F86400 /* libopencv_calib3d.4.7.0.dylib */ = {isa = PBXFileReference; lastKnownFileType = "compiled.mach-o.dylib"; name = libopencv_calib3d.4.7.0.dylib; path = ../../../../usr/local/Cellar/opencv/4.7.0_3/lib/libopencv_calib3d.4.7.0.dylib; sourceTree = "<group>"; };
		355281DB29EEF6F100F86400 /* libopencv_photo.4.7.0.dylib */ = {isa = PBXFileReference; lastKnownFileType = "compiled.mach-o.dylib"; name = libopencv_photo.4.7.0.dylib; path = ../../../../usr/local/Cellar/opencv/4.7.0_3/lib/libopencv_photo.4.7.0.dylib; sourceTree = "<group>"; };
		355281DC29EEF6F100F86400 /* libopencv_dnn_superres.4.7.0.dylib */ = {isa = PBXFileReference; lastKnownFileType = "compiled.mach-o.dylib"; name = libopencv_dnn_superres.4.7.0.dylib; path = ../../../../usr/local/Cellar/opencv/4.7.0_3/lib/libopencv_dnn_superres.4.7.0.dylib; sourceTree = "<group>"; };
		355281DD29EEF6F100F86400 /* libopencv_imgcodecs.4.7.0.dylib */ = {isa = PBXFileReference; lastKnownFileType = "compiled.mach-o.dylib"; name = libopencv_imgcodecs.4.7.0.dylib; path = ../../../../usr/local/Cellar/opencv/4.7.0_3/lib/libopencv_imgcodecs.4.7.0.dylib; sourceTree = "<group>"; };
		355281DE29EEF6F100F86400 /* libopencv_dpm.4.7.0.dylib */ = {isa = PBXFileReference; lastKnownFileType = "compiled.mach-o.dylib"; name = libopencv_dpm.4.7.0.dylib; path = ../../../../usr/local/Cellar/opencv/4.7.0_3/lib/libopencv_dpm.4.7.0.dylib; sourceTree = "<group>"; };
		355281DF29EEF6F100F86400 /* libopencv_mcc.4.7.0.dylib */ = {isa = PBXFileReference; lastKnownFileType = "compiled.mach-o.dylib"; name = libopencv_mcc.4.7.0.dylib; path = ../../../../usr/local/Cellar/opencv/4.7.0_3/lib/libopencv_mcc.4.7.0.dylib; sourceTree = "<group>"; };
		355281E029EEF6F100F86400 /* libopencv_hfs.4.7.0.dylib */ = {isa = PBXFileReference; lastKnownFileType = "compiled.mach-o.dylib"; name = libopencv_hfs.4.7.0.dylib; path = ../../../../usr/local/Cellar/opencv/4.7.0_3/lib/libopencv_hfs.4.7.0.dylib; sourceTree = "<group>"; };
		355281E129EEF6F100F86400 /* libopencv_core.4.7.0.dylib */ = {isa = PBXFileReference; lastKnownFileType = "compiled.mach-o.dylib"; name = libopencv_core.4.7.0.dylib; path = ../../../../usr/local/Cellar/opencv/4.7.0_3/lib/libopencv_core.4.7.0.dylib; sourceTree = "<group>"; };
		355281E229EEF6F100F86400 /* libopencv_wechat_qrcode.4.7.0.dylib */ = {isa = PBXFileReference; lastKnownFileType = "compiled.mach-o.dylib"; name = libopencv_wechat_qrcode.4.7.0.dylib; path = ../../../../usr/local/Cellar/opencv/4.7.0_3/lib/libopencv_wechat_qrcode.4.7.0.dylib; sourceTree = "<group>"; };
		355281E329EEF6F100F86400 /* libopencv_imgproc.4.7.0.dylib */ = {isa = PBXFileReference; lastKnownFileType = "compiled.mach-o.dylib"; name = libopencv_imgproc.4.7.0.dylib; path = ../../../../usr/local/Cellar/opencv/4.7.0_3/lib/libopencv_imgproc.4.7.0.dylib; sourceTree = "<group>"; };
		355281E429EEF6F100F86400 /* libopencv_highgui.4.7.0.dylib */ = {isa = PBXFileReference; lastKnownFileType = "compiled.mach-o.dylib"; name = libopencv_highgui.4.7.0.dylib; path = ../../../../usr/local/Cellar/opencv/4.7.0_3/lib/libopencv_highgui.4.7.0.dylib; sourceTree = "<group>"; };
		355281E529EEF6F100F86400 /* libopencv_line_descriptor.4.7.0.dylib */ = {isa = PBXFileReference; lastKnownFileType = "compiled.mach-o.dylib"; name = libopencv_line_descriptor.4.7.0.dylib; path = ../../../../usr/local/Cellar/opencv/4.7.0_3/lib/libopencv_line_descriptor.4.7.0.dylib; sourceTree = "<group>"; };
		355281E629EEF6F100F86400 /* libopencv_alphamat.4.7.0.dylib */ = {isa = PBXFileReference; lastKnownFileType = "compiled.mach-o.dylib"; name = libopencv_alphamat.4.7.0.dylib; path = ../../../../usr/local/Cellar/opencv/4.7.0_3/lib/libopencv_alphamat.4.7.0.dylib; sourceTree = "<group>"; };
		355281E729EEF6F100F86400 /* libopencv_features2d.4.7.0.dylib */ = {isa = PBXFileReference; lastKnownFileType = "compiled.mach-o.dylib"; name = libopencv_features2d.4.7.0.dylib; path = ../../../../usr/local/Cellar/opencv/4.7.0_3/lib/libopencv_features2d.4.7.0.dylib; sourceTree = "<group>"; };
		355281E829EEF6F100F86400 /* libopencv_shape.4.7.0.dylib */ = {isa = PBXFileReference; lastKnownFileType = "compiled.mach-o.dylib"; name = libopencv_shape.4.7.0.dylib; path = ../../../../usr/local/Cellar/opencv/4.7.0_3/lib/libopencv_shape.4.7.0.dylib; sourceTree = "<group>"; };
		355281E929EEF6F100F86400 /* libopencv_bgsegm.4.7.0.dylib */ = {isa = PBXFileReference; lastKnownFileType = "compiled.mach-o.dylib"; name = libopencv_bgsegm.4.7.0.dylib; path = ../../../../usr/local/Cellar/opencv/4.7.0_3/lib/libopencv_bgsegm.4.7.0.dylib; sourceTree = "<group>"; };
		355281EA29EEF6F100F86400 /* libopencv_face.4.7.0.dylib */ = {isa = PBXFileReference; lastKnownFileType = "compiled.mach-o.dylib"; name = libopencv_face.4.7.0.dylib; path = ../../../../usr/local/Cellar/opencv/4.7.0_3/lib/libopencv_face.4.7.0.dylib; sourceTree = "<group>"; };
		355281EB29EEF6F100F86400 /* libopencv_quality.4.7.0.dylib */ = {isa = PBXFileReference; lastKnownFileType = "compiled.mach-o.dylib"; name = libopencv_quality.4.7.0.dylib; path = ../../../../usr/local/Cellar/opencv/4.7.0_3/lib/libopencv_quality.4.7.0.dylib; sourceTree = "<group>"; };
		355281EC29EEF6F100F86400 /* libopencv_dnn.4.7.0.dylib */ = {isa = PBXFileReference; lastKnownFileType = "compiled.mach-o.dylib"; name = libopencv_dnn.4.7.0.dylib; path = ../../../../usr/local/Cellar/opencv/4.7.0_3/lib/libopencv_dnn.4.7.0.dylib; sourceTree = "<group>"; };
		355281ED29EEF6F100F86400 /* libopencv_structured_light.4.7.0.dylib */ = {isa = PBXFileReference; lastKnownFileType = "compiled.mach-o.dylib"; name = libopencv_structured_light.4.7.0.dylib; path = ../../../../usr/local/Cellar/opencv/4.7.0_3/lib/libopencv_structured_light.4.7.0.dylib; sourceTree = "<group>"; };
		5F4558B524E51EAF005A28AF /* Accelerate.framework */ = {isa = PBXFileReference; lastKnownFileType = wrapper.framework; name = Accelerate.framework; path = System/Library/Frameworks/Accelerate.framework; sourceTree = SDKROOT; };
		5F4558B724E51EB8005A28AF /* AppKit.framework */ = {isa = PBXFileReference; lastKnownFileType = wrapper.framework; name = AppKit.framework; path = System/Library/Frameworks/AppKit.framework; sourceTree = SDKROOT; };
		5F4558B924E51EC0005A28AF /* AVFoundation.framework */ = {isa = PBXFileReference; lastKnownFileType = wrapper.framework; name = AVFoundation.framework; path = System/Library/Frameworks/AVFoundation.framework; sourceTree = SDKROOT; };
		5F4558BB24E51EC7005A28AF /* CoreMedia.framework */ = {isa = PBXFileReference; lastKnownFileType = wrapper.framework; name = CoreMedia.framework; path = System/Library/Frameworks/CoreMedia.framework; sourceTree = SDKROOT; };
		5F4558BD24E51ED1005A28AF /* CoreVideo.framework */ = {isa = PBXFileReference; lastKnownFileType = wrapper.framework; name = CoreVideo.framework; path = System/Library/Frameworks/CoreVideo.framework; sourceTree = SDKROOT; };
		5F4558BF24E51ED8005A28AF /* OpenCL.framework */ = {isa = PBXFileReference; lastKnownFileType = wrapper.framework; name = OpenCL.framework; path = System/Library/Frameworks/OpenCL.framework; sourceTree = SDKROOT; };
		5F4558CC24E6BD47005A28AF /* OpenCvMatToImage.mm */ = {isa = PBXFileReference; lastKnownFileType = sourcecode.cpp.objcpp; path = OpenCvMatToImage.mm; sourceTree = "<group>"; };
		5F4558CE24E6BD78005A28AF /* OpenCvMatToImage.h */ = {isa = PBXFileReference; explicitFileType = sourcecode.c.h; path = OpenCvMatToImage.h; sourceTree = "<group>"; };
		5F4558CF24E6C487005A28AF /* Lenna_(test_image).png */ = {isa = PBXFileReference; lastKnownFileType = image.png; path = "Lenna_(test_image).png"; sourceTree = "<group>"; };
		5F4EB35224F0F1D6009FC5F9 /* click1.mp3 */ = {isa = PBXFileReference; lastKnownFileType = audio.mp3; path = click1.mp3; sourceTree = "<group>"; };
		5F5D9E2424E39BF600365362 /* VisualProgrammingOpenCV.app */ = {isa = PBXFileReference; explicitFileType = wrapper.application; includeInIndex = 0; path = VisualProgrammingOpenCV.app; sourceTree = BUILT_PRODUCTS_DIR; };
		5F5D9E2724E39BF600365362 /* AppDelegate.swift */ = {isa = PBXFileReference; lastKnownFileType = sourcecode.swift; path = AppDelegate.swift; sourceTree = "<group>"; };
		5F5D9E2924E39BF600365362 /* ViewController.swift */ = {isa = PBXFileReference; lastKnownFileType = sourcecode.swift; path = ViewController.swift; sourceTree = "<group>"; };
		5F5D9E2B24E39BFD00365362 /* Assets.xcassets */ = {isa = PBXFileReference; lastKnownFileType = folder.assetcatalog; path = Assets.xcassets; sourceTree = "<group>"; };
		5F5D9E2E24E39BFD00365362 /* Base */ = {isa = PBXFileReference; lastKnownFileType = file.storyboard; name = Base; path = Base.lproj/Main.storyboard; sourceTree = "<group>"; };
		5F5D9E3024E39BFD00365362 /* Info.plist */ = {isa = PBXFileReference; lastKnownFileType = text.plist.xml; path = Info.plist; sourceTree = "<group>"; };
		5F5D9E3124E39BFD00365362 /* VisualProgrammingOpenCV.entitlements */ = {isa = PBXFileReference; lastKnownFileType = text.plist.entitlements; path = VisualProgrammingOpenCV.entitlements; sourceTree = "<group>"; };
		5F5D9E3624E39BFD00365362 /* VisualProgrammingOpenCVTests.xctest */ = {isa = PBXFileReference; explicitFileType = wrapper.cfbundle; includeInIndex = 0; path = VisualProgrammingOpenCVTests.xctest; sourceTree = BUILT_PRODUCTS_DIR; };
		5F5D9E3A24E39BFD00365362 /* VisualProgrammingOpenCVTests.swift */ = {isa = PBXFileReference; lastKnownFileType = sourcecode.swift; path = VisualProgrammingOpenCVTests.swift; sourceTree = "<group>"; };
		5F5D9E3C24E39BFD00365362 /* Info.plist */ = {isa = PBXFileReference; lastKnownFileType = text.plist.xml; path = Info.plist; sourceTree = "<group>"; };
		5F5D9E4124E39BFE00365362 /* VisualProgrammingOpenCVUITests.xctest */ = {isa = PBXFileReference; explicitFileType = wrapper.cfbundle; includeInIndex = 0; path = VisualProgrammingOpenCVUITests.xctest; sourceTree = BUILT_PRODUCTS_DIR; };
		5F5D9E4524E39BFE00365362 /* VisualProgrammingOpenCVUITests.swift */ = {isa = PBXFileReference; lastKnownFileType = sourcecode.swift; path = VisualProgrammingOpenCVUITests.swift; sourceTree = "<group>"; };
		5F5D9E4724E39BFE00365362 /* Info.plist */ = {isa = PBXFileReference; lastKnownFileType = text.plist.xml; path = Info.plist; sourceTree = "<group>"; };
		5F5D9E6524E3F7FE00365362 /* libc++.tbd */ = {isa = PBXFileReference; lastKnownFileType = "sourcecode.text-based-dylib-definition"; name = "libc++.tbd"; path = "usr/lib/libc++.tbd"; sourceTree = SDKROOT; };
		5F9650E124F4BD330013C956 /* NOimage.png */ = {isa = PBXFileReference; lastKnownFileType = image.png; path = NOimage.png; sourceTree = "<group>"; };
/* End PBXFileReference section */

/* Begin PBXFrameworksBuildPhase section */
		5F5D9E2124E39BF600365362 /* Frameworks */ = {
			isa = PBXFrameworksBuildPhase;
			buildActionMask = 2147483647;
			files = (
				5F4558B624E51EAF005A28AF /* Accelerate.framework in Frameworks */,
				5F4558BA24E51EC0005A28AF /* AVFoundation.framework in Frameworks */,
				5F4558B824E51EB8005A28AF /* AppKit.framework in Frameworks */,
				5F4558C024E51ED8005A28AF /* OpenCL.framework in Frameworks */,
				5F5D9E6724E3FBAE00365362 /* libc++.tbd in Frameworks */,
				5F4558BC24E51EC7005A28AF /* CoreMedia.framework in Frameworks */,
				5F4558BE24E51ED1005A28AF /* CoreVideo.framework in Frameworks */,
				355281EE29EEF6F100F86400 /* libopencv_phase_unwrapping.4.7.0.dylib in Frameworks */,
				355281EF29EEF6F100F86400 /* libopencv_aruco.4.7.0.dylib in Frameworks */,
				355281F029EEF6F100F86400 /* libopencv_superres.4.7.0.dylib in Frameworks */,
				355281F129EEF6F100F86400 /* libopencv_stereo.4.7.0.dylib in Frameworks */,
				355281F229EEF6F100F86400 /* libopencv_xfeatures2d.4.7.0.dylib in Frameworks */,
				355281F329EEF6F100F86400 /* libopencv_xobjdetect.4.7.0.dylib in Frameworks */,
				355281F429EEF6F100F86400 /* libopencv_datasets.4.7.0.dylib in Frameworks */,
				355281F529EEF6F100F86400 /* libopencv_ccalib.4.7.0.dylib in Frameworks */,
				355281F629EEF6F100F86400 /* libopencv_reg.4.7.0.dylib in Frameworks */,
				355281F729EEF6F100F86400 /* libopencv_intensity_transform.4.7.0.dylib in Frameworks */,
				355281F829EEF6F100F86400 /* libopencv_xphoto.4.7.0.dylib in Frameworks */,
				355281F929EEF6F100F86400 /* libopencv_surface_matching.4.7.0.dylib in Frameworks */,
				355281FA29EEF6F100F86400 /* libopencv_saliency.4.7.0.dylib in Frameworks */,
				355281FB29EEF6F100F86400 /* libopencv_flann.4.7.0.dylib in Frameworks */,
				355281FC29EEF6F100F86400 /* libopencv_img_hash.4.7.0.dylib in Frameworks */,
				355281FD29EEF6F100F86400 /* libopencv_dnn_objdetect.4.7.0.dylib in Frameworks */,
				355281FE29EEF6F100F86400 /* libopencv_videoio.4.7.0.dylib in Frameworks */,
				355281FF29EEF6F100F86400 /* libopencv_stitching.4.7.0.dylib in Frameworks */,
				3552820029EEF6F100F86400 /* libopencv_tracking.4.7.0.dylib in Frameworks */,
				3552820129EEF6F100F86400 /* libopencv_rapid.4.7.0.dylib in Frameworks */,
				3552820229EEF6F100F86400 /* libopencv_gapi.4.7.0.dylib in Frameworks */,
				3552820329EEF6F100F86400 /* libopencv_videostab.4.7.0.dylib in Frameworks */,
				3552820429EEF6F100F86400 /* libopencv_viz.4.7.0.dylib in Frameworks */,
				3552820529EEF6F100F86400 /* libopencv_freetype.4.7.0.dylib in Frameworks */,
				3552820629EEF6F100F86400 /* libopencv_ximgproc.4.7.0.dylib in Frameworks */,
				3552820729EEF6F100F86400 /* libopencv_rgbd.4.7.0.dylib in Frameworks */,
				3552820829EEF6F100F86400 /* libopencv_sfm.4.7.0.dylib in Frameworks */,
				3552820929EEF6F100F86400 /* libopencv_barcode.4.7.0.dylib in Frameworks */,
				3552820A29EEF6F100F86400 /* libopencv_objdetect.4.7.0.dylib in Frameworks */,
				3552820B29EEF6F100F86400 /* libopencv_plot.4.7.0.dylib in Frameworks */,
				3552820C29EEF6F100F86400 /* libopencv_bioinspired.4.7.0.dylib in Frameworks */,
				3552820D29EEF6F100F86400 /* libopencv_text.4.7.0.dylib in Frameworks */,
				3552820E29EEF6F100F86400 /* libopencv_optflow.4.7.0.dylib in Frameworks */,
				3552820F29EEF6F100F86400 /* libopencv_fuzzy.4.7.0.dylib in Frameworks */,
				3552821029EEF6F100F86400 /* libopencv_video.4.7.0.dylib in Frameworks */,
				3552821129EEF6F100F86400 /* libopencv_ml.4.7.0.dylib in Frameworks */,
				3552821229EEF6F100F86400 /* libopencv_calib3d.4.7.0.dylib in Frameworks */,
				3552821329EEF6F100F86400 /* libopencv_photo.4.7.0.dylib in Frameworks */,
				3552821429EEF6F100F86400 /* libopencv_dnn_superres.4.7.0.dylib in Frameworks */,
				3552821529EEF6F100F86400 /* libopencv_imgcodecs.4.7.0.dylib in Frameworks */,
				3552821629EEF6F100F86400 /* libopencv_dpm.4.7.0.dylib in Frameworks */,
				3552821729EEF6F100F86400 /* libopencv_mcc.4.7.0.dylib in Frameworks */,
				3552821829EEF6F100F86400 /* libopencv_hfs.4.7.0.dylib in Frameworks */,
				3552821929EEF6F100F86400 /* libopencv_core.4.7.0.dylib in Frameworks */,
				3552821A29EEF6F100F86400 /* libopencv_wechat_qrcode.4.7.0.dylib in Frameworks */,
				3552821B29EEF6F100F86400 /* libopencv_imgproc.4.7.0.dylib in Frameworks */,
				3552821C29EEF6F100F86400 /* libopencv_highgui.4.7.0.dylib in Frameworks */,
				3552821D29EEF6F100F86400 /* libopencv_line_descriptor.4.7.0.dylib in Frameworks */,
				3552821E29EEF6F100F86400 /* libopencv_alphamat.4.7.0.dylib in Frameworks */,
				3552821F29EEF6F100F86400 /* libopencv_features2d.4.7.0.dylib in Frameworks */,
				3552822029EEF6F200F86400 /* libopencv_shape.4.7.0.dylib in Frameworks */,
				3552822129EEF6F200F86400 /* libopencv_bgsegm.4.7.0.dylib in Frameworks */,
				3552822229EEF6F200F86400 /* libopencv_face.4.7.0.dylib in Frameworks */,
				3552822329EEF6F200F86400 /* libopencv_quality.4.7.0.dylib in Frameworks */,
				3552822429EEF6F200F86400 /* libopencv_dnn.4.7.0.dylib in Frameworks */,
				3552822529EEF6F200F86400 /* libopencv_structured_light.4.7.0.dylib in Frameworks */,
			);
			runOnlyForDeploymentPostprocessing = 0;
		};
		5F5D9E3324E39BFD00365362 /* Frameworks */ = {
			isa = PBXFrameworksBuildPhase;
			buildActionMask = 2147483647;
			files = (
			);
			runOnlyForDeploymentPostprocessing = 0;
		};
		5F5D9E3E24E39BFD00365362 /* Frameworks */ = {
			isa = PBXFrameworksBuildPhase;
			buildActionMask = 2147483647;
			files = (
			);
			runOnlyForDeploymentPostprocessing = 0;
		};
/* End PBXFrameworksBuildPhase section */

/* Begin PBXGroup section */
		5F5D9E1B24E39BF600365362 = {
			isa = PBXGroup;
			children = (
				5F5D9E2624E39BF600365362 /* VisualProgrammingOpenCV */,
				5F5D9E3924E39BFD00365362 /* VisualProgrammingOpenCVTests */,
				5F5D9E4424E39BFE00365362 /* VisualProgrammingOpenCVUITests */,
				5F5D9E2524E39BF600365362 /* Products */,
				5F5D9E5324E3C63700365362 /* Frameworks */,
			);
			sourceTree = "<group>";
		};
		5F5D9E2524E39BF600365362 /* Products */ = {
			isa = PBXGroup;
			children = (
				5F5D9E2424E39BF600365362 /* VisualProgrammingOpenCV.app */,
				5F5D9E3624E39BFD00365362 /* VisualProgrammingOpenCVTests.xctest */,
				5F5D9E4124E39BFE00365362 /* VisualProgrammingOpenCVUITests.xctest */,
			);
			name = Products;
			sourceTree = "<group>";
		};
		5F5D9E2624E39BF600365362 /* VisualProgrammingOpenCV */ = {
			isa = PBXGroup;
			children = (
				5F5D9E2724E39BF600365362 /* AppDelegate.swift */,
				5F5D9E2924E39BF600365362 /* ViewController.swift */,
				5F4558CC24E6BD47005A28AF /* OpenCvMatToImage.mm */,
				5F4558CE24E6BD78005A28AF /* OpenCvMatToImage.h */,
				5F4558CF24E6C487005A28AF /* Lenna_(test_image).png */,
				5F9650E124F4BD330013C956 /* NOimage.png */,
				5F4EB35224F0F1D6009FC5F9 /* click1.mp3 */,
				5F5D9E2B24E39BFD00365362 /* Assets.xcassets */,
				5F5D9E2D24E39BFD00365362 /* Main.storyboard */,
				5F5D9E3024E39BFD00365362 /* Info.plist */,
				5F5D9E3124E39BFD00365362 /* VisualProgrammingOpenCV.entitlements */,
			);
			path = VisualProgrammingOpenCV;
			sourceTree = "<group>";
		};
		5F5D9E3924E39BFD00365362 /* VisualProgrammingOpenCVTests */ = {
			isa = PBXGroup;
			children = (
				5F5D9E3A24E39BFD00365362 /* VisualProgrammingOpenCVTests.swift */,
				5F5D9E3C24E39BFD00365362 /* Info.plist */,
			);
			path = VisualProgrammingOpenCVTests;
			sourceTree = "<group>";
		};
		5F5D9E4424E39BFE00365362 /* VisualProgrammingOpenCVUITests */ = {
			isa = PBXGroup;
			children = (
				5F5D9E4524E39BFE00365362 /* VisualProgrammingOpenCVUITests.swift */,
				5F5D9E4724E39BFE00365362 /* Info.plist */,
			);
			path = VisualProgrammingOpenCVUITests;
			sourceTree = "<group>";
		};
		5F5D9E5324E3C63700365362 /* Frameworks */ = {
			isa = PBXGroup;
			children = (
				355281E629EEF6F100F86400 /* libopencv_alphamat.4.7.0.dylib */,
				355281B729EEF6F000F86400 /* libopencv_aruco.4.7.0.dylib */,
				355281D129EEF6F000F86400 /* libopencv_barcode.4.7.0.dylib */,
				355281E929EEF6F100F86400 /* libopencv_bgsegm.4.7.0.dylib */,
				355281D429EEF6F100F86400 /* libopencv_bioinspired.4.7.0.dylib */,
				355281DA29EEF6F100F86400 /* libopencv_calib3d.4.7.0.dylib */,
				355281BD29EEF6F000F86400 /* libopencv_ccalib.4.7.0.dylib */,
				355281E129EEF6F100F86400 /* libopencv_core.4.7.0.dylib */,
				355281BC29EEF6F000F86400 /* libopencv_datasets.4.7.0.dylib */,
				355281C529EEF6F000F86400 /* libopencv_dnn_objdetect.4.7.0.dylib */,
				355281DC29EEF6F100F86400 /* libopencv_dnn_superres.4.7.0.dylib */,
				355281EC29EEF6F100F86400 /* libopencv_dnn.4.7.0.dylib */,
				355281DE29EEF6F100F86400 /* libopencv_dpm.4.7.0.dylib */,
				355281EA29EEF6F100F86400 /* libopencv_face.4.7.0.dylib */,
				355281E729EEF6F100F86400 /* libopencv_features2d.4.7.0.dylib */,
				355281C329EEF6F000F86400 /* libopencv_flann.4.7.0.dylib */,
				355281CD29EEF6F000F86400 /* libopencv_freetype.4.7.0.dylib */,
				355281D729EEF6F100F86400 /* libopencv_fuzzy.4.7.0.dylib */,
				355281CA29EEF6F000F86400 /* libopencv_gapi.4.7.0.dylib */,
				355281E029EEF6F100F86400 /* libopencv_hfs.4.7.0.dylib */,
				355281E429EEF6F100F86400 /* libopencv_highgui.4.7.0.dylib */,
				355281C429EEF6F000F86400 /* libopencv_img_hash.4.7.0.dylib */,
				355281DD29EEF6F100F86400 /* libopencv_imgcodecs.4.7.0.dylib */,
				355281E329EEF6F100F86400 /* libopencv_imgproc.4.7.0.dylib */,
				355281BF29EEF6F000F86400 /* libopencv_intensity_transform.4.7.0.dylib */,
				355281E529EEF6F100F86400 /* libopencv_line_descriptor.4.7.0.dylib */,
				355281DF29EEF6F100F86400 /* libopencv_mcc.4.7.0.dylib */,
				355281D929EEF6F100F86400 /* libopencv_ml.4.7.0.dylib */,
				355281D229EEF6F000F86400 /* libopencv_objdetect.4.7.0.dylib */,
				355281D629EEF6F100F86400 /* libopencv_optflow.4.7.0.dylib */,
				355281B629EEF6F000F86400 /* libopencv_phase_unwrapping.4.7.0.dylib */,
				355281DB29EEF6F100F86400 /* libopencv_photo.4.7.0.dylib */,
				355281D329EEF6F000F86400 /* libopencv_plot.4.7.0.dylib */,
				355281EB29EEF6F100F86400 /* libopencv_quality.4.7.0.dylib */,
				355281C929EEF6F000F86400 /* libopencv_rapid.4.7.0.dylib */,
				355281BE29EEF6F000F86400 /* libopencv_reg.4.7.0.dylib */,
				355281CF29EEF6F000F86400 /* libopencv_rgbd.4.7.0.dylib */,
				355281C229EEF6F000F86400 /* libopencv_saliency.4.7.0.dylib */,
				355281D029EEF6F000F86400 /* libopencv_sfm.4.7.0.dylib */,
				355281E829EEF6F100F86400 /* libopencv_shape.4.7.0.dylib */,
				355281B929EEF6F000F86400 /* libopencv_stereo.4.7.0.dylib */,
				355281C729EEF6F000F86400 /* libopencv_stitching.4.7.0.dylib */,
				355281ED29EEF6F100F86400 /* libopencv_structured_light.4.7.0.dylib */,
				355281B829EEF6F000F86400 /* libopencv_superres.4.7.0.dylib */,
				355281C129EEF6F000F86400 /* libopencv_surface_matching.4.7.0.dylib */,
				355281D529EEF6F100F86400 /* libopencv_text.4.7.0.dylib */,
				355281C829EEF6F000F86400 /* libopencv_tracking.4.7.0.dylib */,
				355281D829EEF6F100F86400 /* libopencv_video.4.7.0.dylib */,
				355281C629EEF6F000F86400 /* libopencv_videoio.4.7.0.dylib */,
				355281CB29EEF6F000F86400 /* libopencv_videostab.4.7.0.dylib */,
				355281CC29EEF6F000F86400 /* libopencv_viz.4.7.0.dylib */,
				355281E229EEF6F100F86400 /* libopencv_wechat_qrcode.4.7.0.dylib */,
				355281BA29EEF6F000F86400 /* libopencv_xfeatures2d.4.7.0.dylib */,
				355281CE29EEF6F000F86400 /* libopencv_ximgproc.4.7.0.dylib */,
				355281BB29EEF6F000F86400 /* libopencv_xobjdetect.4.7.0.dylib */,
				355281C029EEF6F000F86400 /* libopencv_xphoto.4.7.0.dylib */,
				5F4558BF24E51ED8005A28AF /* OpenCL.framework */,
				5F4558BD24E51ED1005A28AF /* CoreVideo.framework */,
				5F4558BB24E51EC7005A28AF /* CoreMedia.framework */,
				5F4558B924E51EC0005A28AF /* AVFoundation.framework */,
				5F4558B724E51EB8005A28AF /* AppKit.framework */,
				5F4558B524E51EAF005A28AF /* Accelerate.framework */,
				5F5D9E6524E3F7FE00365362 /* libc++.tbd */,
			);
			name = Frameworks;
			sourceTree = "<group>";
		};
/* End PBXGroup section */

/* Begin PBXNativeTarget section */
		5F5D9E2324E39BF600365362 /* VisualProgrammingOpenCV */ = {
			isa = PBXNativeTarget;
			buildConfigurationList = 5F5D9E4A24E39BFE00365362 /* Build configuration list for PBXNativeTarget "VisualProgrammingOpenCV" */;
			buildPhases = (
				5F5D9E2024E39BF600365362 /* Sources */,
				5F5D9E2124E39BF600365362 /* Frameworks */,
				5F5D9E2224E39BF600365362 /* Resources */,
			);
			buildRules = (
			);
			dependencies = (
			);
			name = VisualProgrammingOpenCV;
			productName = VisualProgrammingOpenCV;
			productReference = 5F5D9E2424E39BF600365362 /* VisualProgrammingOpenCV.app */;
			productType = "com.apple.product-type.application";
		};
		5F5D9E3524E39BFD00365362 /* VisualProgrammingOpenCVTests */ = {
			isa = PBXNativeTarget;
			buildConfigurationList = 5F5D9E4D24E39BFE00365362 /* Build configuration list for PBXNativeTarget "VisualProgrammingOpenCVTests" */;
			buildPhases = (
				5F5D9E3224E39BFD00365362 /* Sources */,
				5F5D9E3324E39BFD00365362 /* Frameworks */,
				5F5D9E3424E39BFD00365362 /* Resources */,
			);
			buildRules = (
			);
			dependencies = (
				5F5D9E3824E39BFD00365362 /* PBXTargetDependency */,
			);
			name = VisualProgrammingOpenCVTests;
			productName = VisualProgrammingOpenCVTests;
			productReference = 5F5D9E3624E39BFD00365362 /* VisualProgrammingOpenCVTests.xctest */;
			productType = "com.apple.product-type.bundle.unit-test";
		};
		5F5D9E4024E39BFD00365362 /* VisualProgrammingOpenCVUITests */ = {
			isa = PBXNativeTarget;
			buildConfigurationList = 5F5D9E5024E39BFE00365362 /* Build configuration list for PBXNativeTarget "VisualProgrammingOpenCVUITests" */;
			buildPhases = (
				5F5D9E3D24E39BFD00365362 /* Sources */,
				5F5D9E3E24E39BFD00365362 /* Frameworks */,
				5F5D9E3F24E39BFD00365362 /* Resources */,
			);
			buildRules = (
			);
			dependencies = (
				5F5D9E4324E39BFE00365362 /* PBXTargetDependency */,
			);
			name = VisualProgrammingOpenCVUITests;
			productName = VisualProgrammingOpenCVUITests;
			productReference = 5F5D9E4124E39BFE00365362 /* VisualProgrammingOpenCVUITests.xctest */;
			productType = "com.apple.product-type.bundle.ui-testing";
		};
/* End PBXNativeTarget section */

/* Begin PBXProject section */
		5F5D9E1C24E39BF600365362 /* Project object */ = {
			isa = PBXProject;
			attributes = {
				LastSwiftUpdateCheck = 1100;
				LastUpgradeCheck = 1200;
				ORGANIZATIONNAME = AIT;
				TargetAttributes = {
					5F5D9E2324E39BF600365362 = {
						CreatedOnToolsVersion = 11.0;
						LastSwiftMigration = 1200;
					};
					5F5D9E3524E39BFD00365362 = {
						CreatedOnToolsVersion = 11.0;
						TestTargetID = 5F5D9E2324E39BF600365362;
					};
					5F5D9E4024E39BFD00365362 = {
						CreatedOnToolsVersion = 11.0;
						TestTargetID = 5F5D9E2324E39BF600365362;
					};
				};
			};
			buildConfigurationList = 5F5D9E1F24E39BF600365362 /* Build configuration list for PBXProject "VisualProgrammingOpenCV" */;
			compatibilityVersion = "Xcode 9.3";
			developmentRegion = en;
			hasScannedForEncodings = 0;
			knownRegions = (
				en,
				Base,
			);
			mainGroup = 5F5D9E1B24E39BF600365362;
			productRefGroup = 5F5D9E2524E39BF600365362 /* Products */;
			projectDirPath = "";
			projectRoot = "";
			targets = (
				5F5D9E2324E39BF600365362 /* VisualProgrammingOpenCV */,
				5F5D9E3524E39BFD00365362 /* VisualProgrammingOpenCVTests */,
				5F5D9E4024E39BFD00365362 /* VisualProgrammingOpenCVUITests */,
			);
		};
/* End PBXProject section */

/* Begin PBXResourcesBuildPhase section */
		5F5D9E2224E39BF600365362 /* Resources */ = {
			isa = PBXResourcesBuildPhase;
			buildActionMask = 2147483647;
			files = (
				5F5D9E2C24E39BFD00365362 /* Assets.xcassets in Resources */,
				5F9650E224F4BD330013C956 /* NOimage.png in Resources */,
				5F4558D024E6C487005A28AF /* Lenna_(test_image).png in Resources */,
				5F5D9E2F24E39BFD00365362 /* Main.storyboard in Resources */,
				5F4EB35324F0F1D6009FC5F9 /* click1.mp3 in Resources */,
			);
			runOnlyForDeploymentPostprocessing = 0;
		};
		5F5D9E3424E39BFD00365362 /* Resources */ = {
			isa = PBXResourcesBuildPhase;
			buildActionMask = 2147483647;
			files = (
			);
			runOnlyForDeploymentPostprocessing = 0;
		};
		5F5D9E3F24E39BFD00365362 /* Resources */ = {
			isa = PBXResourcesBuildPhase;
			buildActionMask = 2147483647;
			files = (
			);
			runOnlyForDeploymentPostprocessing = 0;
		};
/* End PBXResourcesBuildPhase section */

/* Begin PBXSourcesBuildPhase section */
		5F5D9E2024E39BF600365362 /* Sources */ = {
			isa = PBXSourcesBuildPhase;
			buildActionMask = 2147483647;
			files = (
				5F5D9E2A24E39BF600365362 /* ViewController.swift in Sources */,
				5F5D9E2824E39BF600365362 /* AppDelegate.swift in Sources */,
				5F4558CD24E6BD47005A28AF /* OpenCvMatToImage.mm in Sources */,
			);
			runOnlyForDeploymentPostprocessing = 0;
		};
		5F5D9E3224E39BFD00365362 /* Sources */ = {
			isa = PBXSourcesBuildPhase;
			buildActionMask = 2147483647;
			files = (
				5F5D9E3B24E39BFD00365362 /* VisualProgrammingOpenCVTests.swift in Sources */,
			);
			runOnlyForDeploymentPostprocessing = 0;
		};
		5F5D9E3D24E39BFD00365362 /* Sources */ = {
			isa = PBXSourcesBuildPhase;
			buildActionMask = 2147483647;
			files = (
				5F5D9E4624E39BFE00365362 /* VisualProgrammingOpenCVUITests.swift in Sources */,
			);
			runOnlyForDeploymentPostprocessing = 0;
		};
/* End PBXSourcesBuildPhase section */

/* Begin PBXTargetDependency section */
		5F5D9E3824E39BFD00365362 /* PBXTargetDependency */ = {
			isa = PBXTargetDependency;
			target = 5F5D9E2324E39BF600365362 /* VisualProgrammingOpenCV */;
			targetProxy = 5F5D9E3724E39BFD00365362 /* PBXContainerItemProxy */;
		};
		5F5D9E4324E39BFE00365362 /* PBXTargetDependency */ = {
			isa = PBXTargetDependency;
			target = 5F5D9E2324E39BF600365362 /* VisualProgrammingOpenCV */;
			targetProxy = 5F5D9E4224E39BFE00365362 /* PBXContainerItemProxy */;
		};
/* End PBXTargetDependency section */

/* Begin PBXVariantGroup section */
		5F5D9E2D24E39BFD00365362 /* Main.storyboard */ = {
			isa = PBXVariantGroup;
			children = (
				5F5D9E2E24E39BFD00365362 /* Base */,
			);
			name = Main.storyboard;
			sourceTree = "<group>";
		};
/* End PBXVariantGroup section */

/* Begin XCBuildConfiguration section */
		5F5D9E4824E39BFE00365362 /* Debug */ = {
			isa = XCBuildConfiguration;
			buildSettings = {
				ALWAYS_SEARCH_USER_PATHS = NO;
				CLANG_ANALYZER_NONNULL = YES;
				CLANG_ANALYZER_NUMBER_OBJECT_CONVERSION = YES_AGGRESSIVE;
				CLANG_CXX_LANGUAGE_STANDARD = "gnu++14";
				CLANG_CXX_LIBRARY = "libc++";
				CLANG_ENABLE_MODULES = YES;
				CLANG_ENABLE_OBJC_ARC = YES;
				CLANG_ENABLE_OBJC_WEAK = YES;
				CLANG_WARN_BLOCK_CAPTURE_AUTORELEASING = YES;
				CLANG_WARN_BOOL_CONVERSION = YES;
				CLANG_WARN_COMMA = YES;
				CLANG_WARN_CONSTANT_CONVERSION = YES;
				CLANG_WARN_DEPRECATED_OBJC_IMPLEMENTATIONS = YES;
				CLANG_WARN_DIRECT_OBJC_ISA_USAGE = YES_ERROR;
				CLANG_WARN_DOCUMENTATION_COMMENTS = YES;
				CLANG_WARN_EMPTY_BODY = YES;
				CLANG_WARN_ENUM_CONVERSION = YES;
				CLANG_WARN_INFINITE_RECURSION = YES;
				CLANG_WARN_INT_CONVERSION = YES;
				CLANG_WARN_NON_LITERAL_NULL_CONVERSION = YES;
				CLANG_WARN_OBJC_IMPLICIT_RETAIN_SELF = YES;
				CLANG_WARN_OBJC_LITERAL_CONVERSION = YES;
				CLANG_WARN_OBJC_ROOT_CLASS = YES_ERROR;
				CLANG_WARN_QUOTED_INCLUDE_IN_FRAMEWORK_HEADER = YES;
				CLANG_WARN_RANGE_LOOP_ANALYSIS = YES;
				CLANG_WARN_STRICT_PROTOTYPES = YES;
				CLANG_WARN_SUSPICIOUS_MOVE = YES;
				CLANG_WARN_UNGUARDED_AVAILABILITY = YES_AGGRESSIVE;
				CLANG_WARN_UNREACHABLE_CODE = YES;
				CLANG_WARN__DUPLICATE_METHOD_MATCH = YES;
				COPY_PHASE_STRIP = NO;
				DEBUG_INFORMATION_FORMAT = dwarf;
				ENABLE_STRICT_OBJC_MSGSEND = YES;
				ENABLE_TESTABILITY = YES;
				GCC_C_LANGUAGE_STANDARD = gnu11;
				GCC_DYNAMIC_NO_PIC = NO;
				GCC_NO_COMMON_BLOCKS = YES;
				GCC_OPTIMIZATION_LEVEL = 0;
				GCC_PREPROCESSOR_DEFINITIONS = (
					"DEBUG=1",
					"$(inherited)",
				);
				GCC_WARN_64_TO_32_BIT_CONVERSION = YES;
				GCC_WARN_ABOUT_RETURN_TYPE = YES_ERROR;
				GCC_WARN_UNDECLARED_SELECTOR = YES;
				GCC_WARN_UNINITIALIZED_AUTOS = YES_AGGRESSIVE;
				GCC_WARN_UNUSED_FUNCTION = YES;
				GCC_WARN_UNUSED_VARIABLE = YES;
				MACOSX_DEPLOYMENT_TARGET = 10.15;
				MTL_ENABLE_DEBUG_INFO = INCLUDE_SOURCE;
				MTL_FAST_MATH = YES;
				ONLY_ACTIVE_ARCH = YES;
				SDKROOT = macosx;
				SWIFT_ACTIVE_COMPILATION_CONDITIONS = DEBUG;
				SWIFT_OPTIMIZATION_LEVEL = "-Onone";
			};
			name = Debug;
		};
		5F5D9E4924E39BFE00365362 /* Release */ = {
			isa = XCBuildConfiguration;
			buildSettings = {
				ALWAYS_SEARCH_USER_PATHS = NO;
				CLANG_ANALYZER_NONNULL = YES;
				CLANG_ANALYZER_NUMBER_OBJECT_CONVERSION = YES_AGGRESSIVE;
				CLANG_CXX_LANGUAGE_STANDARD = "gnu++14";
				CLANG_CXX_LIBRARY = "libc++";
				CLANG_ENABLE_MODULES = YES;
				CLANG_ENABLE_OBJC_ARC = YES;
				CLANG_ENABLE_OBJC_WEAK = YES;
				CLANG_WARN_BLOCK_CAPTURE_AUTORELEASING = YES;
				CLANG_WARN_BOOL_CONVERSION = YES;
				CLANG_WARN_COMMA = YES;
				CLANG_WARN_CONSTANT_CONVERSION = YES;
				CLANG_WARN_DEPRECATED_OBJC_IMPLEMENTATIONS = YES;
				CLANG_WARN_DIRECT_OBJC_ISA_USAGE = YES_ERROR;
				CLANG_WARN_DOCUMENTATION_COMMENTS = YES;
				CLANG_WARN_EMPTY_BODY = YES;
				CLANG_WARN_ENUM_CONVERSION = YES;
				CLANG_WARN_INFINITE_RECURSION = YES;
				CLANG_WARN_INT_CONVERSION = YES;
				CLANG_WARN_NON_LITERAL_NULL_CONVERSION = YES;
				CLANG_WARN_OBJC_IMPLICIT_RETAIN_SELF = YES;
				CLANG_WARN_OBJC_LITERAL_CONVERSION = YES;
				CLANG_WARN_OBJC_ROOT_CLASS = YES_ERROR;
				CLANG_WARN_QUOTED_INCLUDE_IN_FRAMEWORK_HEADER = YES;
				CLANG_WARN_RANGE_LOOP_ANALYSIS = YES;
				CLANG_WARN_STRICT_PROTOTYPES = YES;
				CLANG_WARN_SUSPICIOUS_MOVE = YES;
				CLANG_WARN_UNGUARDED_AVAILABILITY = YES_AGGRESSIVE;
				CLANG_WARN_UNREACHABLE_CODE = YES;
				CLANG_WARN__DUPLICATE_METHOD_MATCH = YES;
				COPY_PHASE_STRIP = NO;
				DEBUG_INFORMATION_FORMAT = "dwarf-with-dsym";
				ENABLE_NS_ASSERTIONS = NO;
				ENABLE_STRICT_OBJC_MSGSEND = YES;
				GCC_C_LANGUAGE_STANDARD = gnu11;
				GCC_NO_COMMON_BLOCKS = YES;
				GCC_WARN_64_TO_32_BIT_CONVERSION = YES;
				GCC_WARN_ABOUT_RETURN_TYPE = YES_ERROR;
				GCC_WARN_UNDECLARED_SELECTOR = YES;
				GCC_WARN_UNINITIALIZED_AUTOS = YES_AGGRESSIVE;
				GCC_WARN_UNUSED_FUNCTION = YES;
				GCC_WARN_UNUSED_VARIABLE = YES;
				MACOSX_DEPLOYMENT_TARGET = 10.15;
				MTL_ENABLE_DEBUG_INFO = NO;
				MTL_FAST_MATH = YES;
				SDKROOT = macosx;
				SWIFT_COMPILATION_MODE = wholemodule;
				SWIFT_OPTIMIZATION_LEVEL = "-O";
			};
			name = Release;
		};
		5F5D9E4B24E39BFE00365362 /* Debug */ = {
			isa = XCBuildConfiguration;
			buildSettings = {
				ASSETCATALOG_COMPILER_APPICON_NAME = AppIcon;
				CLANG_ENABLE_MODULES = YES;
				CODE_SIGN_ENTITLEMENTS = VisualProgrammingOpenCV/VisualProgrammingOpenCV.entitlements;
				CODE_SIGN_IDENTITY = "-";
				CODE_SIGN_STYLE = Automatic;
				COMBINE_HIDPI_IMAGES = YES;
				DEVELOPMENT_TEAM = X9UU7S827U;
				ENABLE_HARDENED_RUNTIME = YES;
				FRAMEWORK_SEARCH_PATHS = "";
				HEADER_SEARCH_PATHS = (
					"/usr/local/Cellar/opencv\n/usr/local/Cellar/opencv\n/usr/local/Cellar/opencv\n/usr/local/Cellar/opencv/**",
				);
				INFOPLIST_FILE = VisualProgrammingOpenCV/Info.plist;
				LD_RUNPATH_SEARCH_PATHS = (
					"$(inherited)",
					"@executable_path/../Frameworks",
				);
				LIBRARY_SEARCH_PATHS = (
					"$(inherited)",
					/usr/local/Cellar/openjpeg/2.3.1/lib,
					"$(PROJECT_DIR)",
					/usr/local/Cellar/opencv/4.7.0_3/lib,
				);
				MACOSX_DEPLOYMENT_TARGET = 10.15;
				OTHER_LDFLAGS = "-all_load";
				PRODUCT_BUNDLE_IDENTIFIER = "Adachi-Kenta.VisualProgrammingOpenCV";
				PRODUCT_NAME = "$(TARGET_NAME)";
				SWIFT_OBJC_BRIDGING_HEADER = ./VisualProgrammingOpenCV/OpenCvMatToImage.h;
				SWIFT_OPTIMIZATION_LEVEL = "-Onone";
				SWIFT_VERSION = 5.0;
			};
			name = Debug;
		};
		5F5D9E4C24E39BFE00365362 /* Release */ = {
			isa = XCBuildConfiguration;
			buildSettings = {
				ASSETCATALOG_COMPILER_APPICON_NAME = AppIcon;
				CLANG_ENABLE_MODULES = YES;
				CODE_SIGN_ENTITLEMENTS = VisualProgrammingOpenCV/VisualProgrammingOpenCV.entitlements;
				CODE_SIGN_IDENTITY = "-";
				CODE_SIGN_STYLE = Automatic;
				COMBINE_HIDPI_IMAGES = YES;
				DEVELOPMENT_TEAM = X9UU7S827U;
				ENABLE_HARDENED_RUNTIME = YES;
				FRAMEWORK_SEARCH_PATHS = "";
				HEADER_SEARCH_PATHS = (
					"/usr/local/Cellar/opencv\n/usr/local/Cellar/opencv\n/usr/local/Cellar/opencv\n/usr/local/Cellar/opencv/**",
				);
				INFOPLIST_FILE = VisualProgrammingOpenCV/Info.plist;
				LD_RUNPATH_SEARCH_PATHS = (
					"$(inherited)",
					"@executable_path/../Frameworks",
				);
				LIBRARY_SEARCH_PATHS = (
					"$(inherited)",
					/usr/local/Cellar/openjpeg/2.3.1/lib,
					"$(PROJECT_DIR)",
					/usr/local/Cellar/opencv/4.7.0_3/lib,
				);
				MACOSX_DEPLOYMENT_TARGET = 10.15;
				OTHER_LDFLAGS = "-all_load";
				PRODUCT_BUNDLE_IDENTIFIER = "Adachi-Kenta.VisualProgrammingOpenCV";
				PRODUCT_NAME = "$(TARGET_NAME)";
				SWIFT_OBJC_BRIDGING_HEADER = ./VisualProgrammingOpenCV/OpenCvMatToImage.h;
				SWIFT_VERSION = 5.0;
			};
			name = Release;
		};
		5F5D9E4E24E39BFE00365362 /* Debug */ = {
			isa = XCBuildConfiguration;
			buildSettings = {
				ALWAYS_EMBED_SWIFT_STANDARD_LIBRARIES = YES;
				BUNDLE_LOADER = "$(TEST_HOST)";
				CODE_SIGN_STYLE = Automatic;
				COMBINE_HIDPI_IMAGES = YES;
				DEVELOPMENT_TEAM = X9UU7S827U;
				INFOPLIST_FILE = VisualProgrammingOpenCVTests/Info.plist;
				LD_RUNPATH_SEARCH_PATHS = (
					"$(inherited)",
					"@executable_path/../Frameworks",
					"@loader_path/../Frameworks",
				);
				MACOSX_DEPLOYMENT_TARGET = 10.15;
				PRODUCT_BUNDLE_IDENTIFIER = "Adachi-Kenta.VisualProgrammingOpenCVTests";
				PRODUCT_NAME = "$(TARGET_NAME)";
				SWIFT_VERSION = 5.0;
				TEST_HOST = "$(BUILT_PRODUCTS_DIR)/VisualProgrammingOpenCV.app/Contents/MacOS/VisualProgrammingOpenCV";
			};
			name = Debug;
		};
		5F5D9E4F24E39BFE00365362 /* Release */ = {
			isa = XCBuildConfiguration;
			buildSettings = {
				ALWAYS_EMBED_SWIFT_STANDARD_LIBRARIES = YES;
				BUNDLE_LOADER = "$(TEST_HOST)";
				CODE_SIGN_STYLE = Automatic;
				COMBINE_HIDPI_IMAGES = YES;
				DEVELOPMENT_TEAM = X9UU7S827U;
				INFOPLIST_FILE = VisualProgrammingOpenCVTests/Info.plist;
				LD_RUNPATH_SEARCH_PATHS = (
					"$(inherited)",
					"@executable_path/../Frameworks",
					"@loader_path/../Frameworks",
				);
				MACOSX_DEPLOYMENT_TARGET = 10.15;
				PRODUCT_BUNDLE_IDENTIFIER = "Adachi-Kenta.VisualProgrammingOpenCVTests";
				PRODUCT_NAME = "$(TARGET_NAME)";
				SWIFT_VERSION = 5.0;
				TEST_HOST = "$(BUILT_PRODUCTS_DIR)/VisualProgrammingOpenCV.app/Contents/MacOS/VisualProgrammingOpenCV";
			};
			name = Release;
		};
		5F5D9E5124E39BFE00365362 /* Debug */ = {
			isa = XCBuildConfiguration;
			buildSettings = {
				ALWAYS_EMBED_SWIFT_STANDARD_LIBRARIES = YES;
				CODE_SIGN_STYLE = Automatic;
				COMBINE_HIDPI_IMAGES = YES;
				DEVELOPMENT_TEAM = X9UU7S827U;
				INFOPLIST_FILE = VisualProgrammingOpenCVUITests/Info.plist;
				LD_RUNPATH_SEARCH_PATHS = (
					"$(inherited)",
					"@executable_path/../Frameworks",
					"@loader_path/../Frameworks",
				);
				PRODUCT_BUNDLE_IDENTIFIER = "Adachi-Kenta.VisualProgrammingOpenCVUITests";
				PRODUCT_NAME = "$(TARGET_NAME)";
				SWIFT_VERSION = 5.0;
				TEST_TARGET_NAME = VisualProgrammingOpenCV;
			};
			name = Debug;
		};
		5F5D9E5224E39BFE00365362 /* Release */ = {
			isa = XCBuildConfiguration;
			buildSettings = {
				ALWAYS_EMBED_SWIFT_STANDARD_LIBRARIES = YES;
				CODE_SIGN_STYLE = Automatic;
				COMBINE_HIDPI_IMAGES = YES;
				DEVELOPMENT_TEAM = X9UU7S827U;
				INFOPLIST_FILE = VisualProgrammingOpenCVUITests/Info.plist;
				LD_RUNPATH_SEARCH_PATHS = (
					"$(inherited)",
					"@executable_path/../Frameworks",
					"@loader_path/../Frameworks",
				);
				PRODUCT_BUNDLE_IDENTIFIER = "Adachi-Kenta.VisualProgrammingOpenCVUITests";
				PRODUCT_NAME = "$(TARGET_NAME)";
				SWIFT_VERSION = 5.0;
				TEST_TARGET_NAME = VisualProgrammingOpenCV;
			};
			name = Release;
		};
/* End XCBuildConfiguration section */

/* Begin XCConfigurationList section */
		5F5D9E1F24E39BF600365362 /* Build configuration list for PBXProject "VisualProgrammingOpenCV" */ = {
			isa = XCConfigurationList;
			buildConfigurations = (
				5F5D9E4824E39BFE00365362 /* Debug */,
				5F5D9E4924E39BFE00365362 /* Release */,
			);
			defaultConfigurationIsVisible = 0;
			defaultConfigurationName = Release;
		};
		5F5D9E4A24E39BFE00365362 /* Build configuration list for PBXNativeTarget "VisualProgrammingOpenCV" */ = {
			isa = XCConfigurationList;
			buildConfigurations = (
				5F5D9E4B24E39BFE00365362 /* Debug */,
				5F5D9E4C24E39BFE00365362 /* Release */,
			);
			defaultConfigurationIsVisible = 0;
			defaultConfigurationName = Release;
		};
		5F5D9E4D24E39BFE00365362 /* Build configuration list for PBXNativeTarget "VisualProgrammingOpenCVTests" */ = {
			isa = XCConfigurationList;
			buildConfigurations = (
				5F5D9E4E24E39BFE00365362 /* Debug */,
				5F5D9E4F24E39BFE00365362 /* Release */,
			);
			defaultConfigurationIsVisible = 0;
			defaultConfigurationName = Release;
		};
		5F5D9E5024E39BFE00365362 /* Build configuration list for PBXNativeTarget "VisualProgrammingOpenCVUITests" */ = {
			isa = XCConfigurationList;
			buildConfigurations = (
				5F5D9E5124E39BFE00365362 /* Debug */,
				5F5D9E5224E39BFE00365362 /* Release */,
			);
			defaultConfigurationIsVisible = 0;
			defaultConfigurationName = Release;
		};
/* End XCConfigurationList section */
	};
	rootObject = 5F5D9E1C24E39BF600365362 /* Project object */;
}
